<Solution>
  <Configurations>
    <BuildType Name="Debug" />
    <BuildType Name="Release" />
    <Platform Name="x64" />
  </Configurations>
  <Project Path="drivers/LANtern.VirtualDisplay/IddSampleDriver.vcxproj" />
  <Project Path="tools/LANtern.VirtualDisplay.Device/IddSampleApp.vcxproj" />
</Solution>
